
Microsoft Visual Studio Solution File, Format Version 12.00
# Visual Studio Version 16
VisualStudioVersion = 16.0.31624.102
MinimumVisualStudioVersion = 10.0.40219.1
Project("{FAE04EC0-301F-11D3-BF4B-00C04F79EFBC}") = "KlonsA", "KlonsA\KlonsA.csproj", "{658A84BC-A941-4B97-88B0-77AB4F46D646}"
EndProject
Project("{FAE04EC0-301F-11D3-BF4B-00C04F79EFBC}") = "KlonsLIB", "KlonsLIB\KlonsLIB.csproj", "{64D9311C-5666-4887-9B5E-71650E9ACC0C}"
EndProject
Project("{FAE04EC0-301F-11D3-BF4B-00C04F79EFBC}") = "DataObjectsA", "DataObjectsA\DataObjectsA.csproj", "{A39FD67D-1412-4C50-A522-66A063C7C06F}"
EndProject
Project("{FAE04EC0-301F-11D3-BF4B-00C04F79EFBC}") = "NotyfyProp", "NotyfyProp\NotyfyProp.csproj", "{41CB954F-CC0D-4C69-BE2F-76BF5FC8ADA2}"
EndProject
Project("{FAE04EC0-301F-11D3-BF4B-00C04F79EFBC}") = "MyUIEditors", "MyUIEditors\MyUIEditors.csproj", "{22800A2A-E830-406F-9FFC-511DCA5EA512}"
EndProject
Project("{FAE04EC0-301F-11D3-BF4B-00C04F79EFBC}") = "KlonsF", "KlonsF\KlonsF.csproj", "{6693E496-D5CE-4138-A58D-8643380CD84F}"
EndProject
Project("{FAE04EC0-301F-11D3-BF4B-00C04F79EFBC}") = "KlonsP", "KlonsP\KlonsP.csproj", "{64B5FF00-BD0A-4D3F-A5AF-3D7ABA4FB729}"
EndProject
Project("{FAE04EC0-301F-11D3-BF4B-00C04F79EFBC}") = "DataObjectsP", "DataObjectsP\DataObjectsP.csproj", "{47C24432-6E4A-4014-A62D-394DE72EE68B}"
EndProject
Project("{FAE04EC0-301F-11D3-BF4B-00C04F79EFBC}") = "MyReportLib", "MyReportLib\MyReportLib.csproj", "{40E4DBBA-D70A-4B6A-9497-CD4516918361}"
EndProject
Project("{FAE04EC0-301F-11D3-BF4B-00C04F79EFBC}") = "ToOutput", "ToOutput\ToOutput.csproj", "{558AA6FF-1CB0-4FBC-A57B-76F1D1FC47D3}"
EndProject
Project("{FAE04EC0-301F-11D3-BF4B-00C04F79EFBC}") = "KlonsM", "KlonsM\KlonsM.csproj", "{F637C8BD-A701-4B4B-BF87-27677AD88232}"
EndProject
Project("{FAE04EC0-301F-11D3-BF4B-00C04F79EFBC}") = "DataObjectsM", "DataObjectsM\DataObjectsM.csproj", "{3EA389DE-4B50-4EEF-AE8E-F44684726902}"
EndProject
Project("{FAE04EC0-301F-11D3-BF4B-00C04F79EFBC}") = "KlonsT", "KlonsT\KlonsT.csproj", "{DD42C455-50A2-4C8F-9A20-01ED13D6580C}"
EndProject
Global
	GlobalSection(SolutionConfigurationPlatforms) = preSolution
		Debug|Any CPU = Debug|Any CPU
		Output|Any CPU = Output|Any CPU
		Release|Any CPU = Release|Any CPU
	EndGlobalSection
	GlobalSection(ProjectConfigurationPlatforms) = postSolution
		{658A84BC-A941-4B97-88B0-77AB4F46D646}.Debug|Any CPU.ActiveCfg = Debug|Any CPU
		{658A84BC-A941-4B97-88B0-77AB4F46D646}.Debug|Any CPU.Build.0 = Debug|Any CPU
		{658A84BC-A941-4B97-88B0-77AB4F46D646}.Output|Any CPU.ActiveCfg = Output|Any CPU
		{658A84BC-A941-4B97-88B0-77AB4F46D646}.Output|Any CPU.Build.0 = Output|Any CPU
		{658A84BC-A941-4B97-88B0-77AB4F46D646}.Release|Any CPU.ActiveCfg = Release|Any CPU
		{658A84BC-A941-4B97-88B0-77AB4F46D646}.Release|Any CPU.Build.0 = Release|Any CPU
		{64D9311C-5666-4887-9B5E-71650E9ACC0C}.Debug|Any CPU.ActiveCfg = Debug|Any CPU
		{64D9311C-5666-4887-9B5E-71650E9ACC0C}.Debug|Any CPU.Build.0 = Debug|Any CPU
		{64D9311C-5666-4887-9B5E-71650E9ACC0C}.Output|Any CPU.ActiveCfg = Output|Any CPU
		{64D9311C-5666-4887-9B5E-71650E9ACC0C}.Output|Any CPU.Build.0 = Output|Any CPU
		{64D9311C-5666-4887-9B5E-71650E9ACC0C}.Release|Any CPU.ActiveCfg = Release|Any CPU
		{64D9311C-5666-4887-9B5E-71650E9ACC0C}.Release|Any CPU.Build.0 = Release|Any CPU
		{A39FD67D-1412-4C50-A522-66A063C7C06F}.Debug|Any CPU.ActiveCfg = Debug|Any CPU
		{A39FD67D-1412-4C50-A522-66A063C7C06F}.Debug|Any CPU.Build.0 = Debug|Any CPU
		{A39FD67D-1412-4C50-A522-66A063C7C06F}.Output|Any CPU.ActiveCfg = Output|Any CPU
		{A39FD67D-1412-4C50-A522-66A063C7C06F}.Output|Any CPU.Build.0 = Output|Any CPU
		{A39FD67D-1412-4C50-A522-66A063C7C06F}.Release|Any CPU.ActiveCfg = Release|Any CPU
		{A39FD67D-1412-4C50-A522-66A063C7C06F}.Release|Any CPU.Build.0 = Release|Any CPU
		{41CB954F-CC0D-4C69-BE2F-76BF5FC8ADA2}.Debug|Any CPU.ActiveCfg = Debug|Any CPU
		{41CB954F-CC0D-4C69-BE2F-76BF5FC8ADA2}.Debug|Any CPU.Build.0 = Debug|Any CPU
		{41CB954F-CC0D-4C69-BE2F-76BF5FC8ADA2}.Output|Any CPU.ActiveCfg = Output|Any CPU
		{41CB954F-CC0D-4C69-BE2F-76BF5FC8ADA2}.Output|Any CPU.Build.0 = Output|Any CPU
		{41CB954F-CC0D-4C69-BE2F-76BF5FC8ADA2}.Release|Any CPU.ActiveCfg = Release|Any CPU
		{41CB954F-CC0D-4C69-BE2F-76BF5FC8ADA2}.Release|Any CPU.Build.0 = Release|Any CPU
		{22800A2A-E830-406F-9FFC-511DCA5EA512}.Debug|Any CPU.ActiveCfg = Debug|Any CPU
		{22800A2A-E830-406F-9FFC-511DCA5EA512}.Debug|Any CPU.Build.0 = Debug|Any CPU
		{22800A2A-E830-406F-9FFC-511DCA5EA512}.Output|Any CPU.ActiveCfg = Output|Any CPU
		{22800A2A-E830-406F-9FFC-511DCA5EA512}.Output|Any CPU.Build.0 = Output|Any CPU
		{22800A2A-E830-406F-9FFC-511DCA5EA512}.Release|Any CPU.ActiveCfg = Release|Any CPU
		{22800A2A-E830-406F-9FFC-511DCA5EA512}.Release|Any CPU.Build.0 = Release|Any CPU
		{6693E496-D5CE-4138-A58D-8643380CD84F}.Debug|Any CPU.ActiveCfg = Debug|Any CPU
		{6693E496-D5CE-4138-A58D-8643380CD84F}.Debug|Any CPU.Build.0 = Debug|Any CPU
		{6693E496-D5CE-4138-A58D-8643380CD84F}.Output|Any CPU.ActiveCfg = Output|Any CPU
		{6693E496-D5CE-4138-A58D-8643380CD84F}.Output|Any CPU.Build.0 = Output|Any CPU
		{6693E496-D5CE-4138-A58D-8643380CD84F}.Release|Any CPU.ActiveCfg = Release|Any CPU
		{6693E496-D5CE-4138-A58D-8643380CD84F}.Release|Any CPU.Build.0 = Release|Any CPU
		{64B5FF00-BD0A-4D3F-A5AF-3D7ABA4FB729}.Debug|Any CPU.ActiveCfg = Debug|Any CPU
		{64B5FF00-BD0A-4D3F-A5AF-3D7ABA4FB729}.Debug|Any CPU.Build.0 = Debug|Any CPU
		{64B5FF00-BD0A-4D3F-A5AF-3D7ABA4FB729}.Output|Any CPU.ActiveCfg = Output|Any CPU
		{64B5FF00-BD0A-4D3F-A5AF-3D7ABA4FB729}.Output|Any CPU.Build.0 = Output|Any CPU
		{64B5FF00-BD0A-4D3F-A5AF-3D7ABA4FB729}.Release|Any CPU.ActiveCfg = Release|Any CPU
		{64B5FF00-BD0A-4D3F-A5AF-3D7ABA4FB729}.Release|Any CPU.Build.0 = Release|Any CPU
		{47C24432-6E4A-4014-A62D-394DE72EE68B}.Debug|Any CPU.ActiveCfg = Debug|Any CPU
		{47C24432-6E4A-4014-A62D-394DE72EE68B}.Debug|Any CPU.Build.0 = Debug|Any CPU
		{47C24432-6E4A-4014-A62D-394DE72EE68B}.Output|Any CPU.ActiveCfg = Output|Any CPU
		{47C24432-6E4A-4014-A62D-394DE72EE68B}.Output|Any CPU.Build.0 = Output|Any CPU
		{47C24432-6E4A-4014-A62D-394DE72EE68B}.Release|Any CPU.ActiveCfg = Release|Any CPU
		{47C24432-6E4A-4014-A62D-394DE72EE68B}.Release|Any CPU.Build.0 = Release|Any CPU
		{40E4DBBA-D70A-4B6A-9497-CD4516918361}.Debug|Any CPU.ActiveCfg = Debug|Any CPU
		{40E4DBBA-D70A-4B6A-9497-CD4516918361}.Debug|Any CPU.Build.0 = Debug|Any CPU
		{40E4DBBA-D70A-4B6A-9497-CD4516918361}.Output|Any CPU.ActiveCfg = Output|Any CPU
		{40E4DBBA-D70A-4B6A-9497-CD4516918361}.Output|Any CPU.Build.0 = Output|Any CPU
		{40E4DBBA-D70A-4B6A-9497-CD4516918361}.Release|Any CPU.ActiveCfg = Release|Any CPU
		{40E4DBBA-D70A-4B6A-9497-CD4516918361}.Release|Any CPU.Build.0 = Release|Any CPU
		{558AA6FF-1CB0-4FBC-A57B-76F1D1FC47D3}.Debug|Any CPU.ActiveCfg = Debug|Any CPU
		{558AA6FF-1CB0-4FBC-A57B-76F1D1FC47D3}.Debug|Any CPU.Build.0 = Debug|Any CPU
		{558AA6FF-1CB0-4FBC-A57B-76F1D1FC47D3}.Output|Any CPU.ActiveCfg = Output|Any CPU
		{558AA6FF-1CB0-4FBC-A57B-76F1D1FC47D3}.Output|Any CPU.Build.0 = Output|Any CPU
		{558AA6FF-1CB0-4FBC-A57B-76F1D1FC47D3}.Release|Any CPU.ActiveCfg = Release|Any CPU
		{558AA6FF-1CB0-4FBC-A57B-76F1D1FC47D3}.Release|Any CPU.Build.0 = Release|Any CPU
		{F637C8BD-A701-4B4B-BF87-27677AD88232}.Debug|Any CPU.ActiveCfg = Debug|Any CPU
		{F637C8BD-A701-4B4B-BF87-27677AD88232}.Debug|Any CPU.Build.0 = Debug|Any CPU
		{F637C8BD-A701-4B4B-BF87-27677AD88232}.Output|Any CPU.ActiveCfg = Output|Any CPU
		{F637C8BD-A701-4B4B-BF87-27677AD88232}.Output|Any CPU.Build.0 = Output|Any CPU
		{F637C8BD-A701-4B4B-BF87-27677AD88232}.Release|Any CPU.ActiveCfg = Release|Any CPU
		{F637C8BD-A701-4B4B-BF87-27677AD88232}.Release|Any CPU.Build.0 = Release|Any CPU
		{3EA389DE-4B50-4EEF-AE8E-F44684726902}.Debug|Any CPU.ActiveCfg = Debug|Any CPU
		{3EA389DE-4B50-4EEF-AE8E-F44684726902}.Debug|Any CPU.Build.0 = Debug|Any CPU
		{3EA389DE-4B50-4EEF-AE8E-F44684726902}.Output|Any CPU.ActiveCfg = Output|Any CPU
		{3EA389DE-4B50-4EEF-AE8E-F44684726902}.Output|Any CPU.Build.0 = Output|Any CPU
		{3EA389DE-4B50-4EEF-AE8E-F44684726902}.Release|Any CPU.ActiveCfg = Release|Any CPU
		{3EA389DE-4B50-4EEF-AE8E-F44684726902}.Release|Any CPU.Build.0 = Release|Any CPU
		{DD42C455-50A2-4C8F-9A20-01ED13D6580C}.Debug|Any CPU.ActiveCfg = Debug|Any CPU
		{DD42C455-50A2-4C8F-9A20-01ED13D6580C}.Debug|Any CPU.Build.0 = Debug|Any CPU
		{DD42C455-50A2-4C8F-9A20-01ED13D6580C}.Output|Any CPU.ActiveCfg = Output|Any CPU
		{DD42C455-50A2-4C8F-9A20-01ED13D6580C}.Output|Any CPU.Build.0 = Output|Any CPU
		{DD42C455-50A2-4C8F-9A20-01ED13D6580C}.Release|Any CPU.ActiveCfg = Release|Any CPU
		{DD42C455-50A2-4C8F-9A20-01ED13D6580C}.Release|Any CPU.Build.0 = Release|Any CPU
	EndGlobalSection
	GlobalSection(SolutionProperties) = preSolution
		HideSolutionNode = FALSE
	EndGlobalSection
	GlobalSection(ExtensibilityGlobals) = postSolution
		SolutionGuid = {EA46CE1E-F4B2-4064-8108-3DFC4439329E}
	EndGlobalSection
EndGlobal
